
Microsoft Visual Studio Solution File, Format Version 12.00
Project("{FAE04EC0-301F-11D3-BF4B-00C04F79EFBC}") = "More Roads", "More Roads\More Roads.csproj", "{0DF6B803-B9AD-4054-9EF2-4691FC3C15FF}"
EndProject
Global
	GlobalSection(SolutionConfigurationPlatforms) = preSolution
		Debug|Any CPU = Debug|Any CPU
		Release|Any CPU = Release|Any CPU
	EndGlobalSection
	GlobalSection(ProjectConfigurationPlatforms) = postSolution
		{0DF6B803-B9AD-4054-9EF2-4691FC3C15FF}.Debug|Any CPU.ActiveCfg = Debug|Any CPU
		{0DF6B803-B9AD-4054-9EF2-4691FC3C15FF}.Debug|Any CPU.Build.0 = Debug|Any CPU
		{0DF6B803-B9AD-4054-9EF2-4691FC3C15FF}.Release|Any CPU.ActiveCfg = Release|Any CPU
		{0DF6B803-B9AD-4054-9EF2-4691FC3C15FF}.Release|Any CPU.Build.0 = Release|Any CPU
	EndGlobalSection
EndGlobal
